
Microsoft Visual Studio Solution File, Format Version 12.00
# Visual Studio Version 17
VisualStudioVersion = 17.13.35913.81
MinimumVisualStudioVersion = 10.0.40219.1
Project("{FAE04EC0-301F-11D3-BF4B-00C04F79EFBC}") = "barham_d424_capstone", "barham_d424_capstone\barham_d424_capstone.csproj", "{B3AA832C-4F5B-4A64-811A-7F0E9A39AAD6}"
EndProject
Project("{FAE04EC0-301F-11D3-BF4B-00C04F79EFBC}") = "UnitTests", "UnitTests\UnitTests.csproj", "{BCA0142B-E7C7-4B8A-ABFF-15AA6B993217}"
EndProject
Global
	GlobalSection(SolutionConfigurationPlatforms) = preSolution
		Debug|Any CPU = Debug|Any CPU
		Debug|x64 = Debug|x64
		Debug|x86 = Debug|x86
		Release|Any CPU = Release|Any CPU
		Release|x64 = Release|x64
		Release|x86 = Release|x86
	EndGlobalSection
	GlobalSection(ProjectConfigurationPlatforms) = postSolution
		{B3AA832C-4F5B-4A64-811A-7F0E9A39AAD6}.Debug|Any CPU.ActiveCfg = Debug|Any CPU
		{B3AA832C-4F5B-4A64-811A-7F0E9A39AAD6}.Debug|Any CPU.Build.0 = Debug|Any CPU
		{B3AA832C-4F5B-4A64-811A-7F0E9A39AAD6}.Debug|x64.ActiveCfg = Debug|Any CPU
		{B3AA832C-4F5B-4A64-811A-7F0E9A39AAD6}.Debug|x64.Build.0 = Debug|Any CPU
		{B3AA832C-4F5B-4A64-811A-7F0E9A39AAD6}.Debug|x86.ActiveCfg = Debug|Any CPU
		{B3AA832C-4F5B-4A64-811A-7F0E9A39AAD6}.Debug|x86.Build.0 = Debug|Any CPU
		{B3AA832C-4F5B-4A64-811A-7F0E9A39AAD6}.Release|Any CPU.ActiveCfg = Release|Any CPU
		{B3AA832C-4F5B-4A64-811A-7F0E9A39AAD6}.Release|Any CPU.Build.0 = Release|Any CPU
		{B3AA832C-4F5B-4A64-811A-7F0E9A39AAD6}.Release|x64.ActiveCfg = Release|Any CPU
		{B3AA832C-4F5B-4A64-811A-7F0E9A39AAD6}.Release|x64.Build.0 = Release|Any CPU
		{B3AA832C-4F5B-4A64-811A-7F0E9A39AAD6}.Release|x86.ActiveCfg = Release|Any CPU
		{B3AA832C-4F5B-4A64-811A-7F0E9A39AAD6}.Release|x86.Build.0 = Release|Any CPU
		{BCA0142B-E7C7-4B8A-ABFF-15AA6B993217}.Debug|Any CPU.ActiveCfg = Debug|Any CPU
		{BCA0142B-E7C7-4B8A-ABFF-15AA6B993217}.Debug|Any CPU.Build.0 = Debug|Any CPU
		{BCA0142B-E7C7-4B8A-ABFF-15AA6B993217}.Debug|x64.ActiveCfg = Debug|Any CPU
		{BCA0142B-E7C7-4B8A-ABFF-15AA6B993217}.Debug|x64.Build.0 = Debug|Any CPU
		{BCA0142B-E7C7-4B8A-ABFF-15AA6B993217}.Debug|x86.ActiveCfg = Debug|Any CPU
		{BCA0142B-E7C7-4B8A-ABFF-15AA6B993217}.Debug|x86.Build.0 = Debug|Any CPU
		{BCA0142B-E7C7-4B8A-ABFF-15AA6B993217}.Release|Any CPU.ActiveCfg = Release|Any CPU
		{BCA0142B-E7C7-4B8A-ABFF-15AA6B993217}.Release|Any CPU.Build.0 = Release|Any CPU
		{BCA0142B-E7C7-4B8A-ABFF-15AA6B993217}.Release|x64.ActiveCfg = Release|Any CPU
		{BCA0142B-E7C7-4B8A-ABFF-15AA6B993217}.Release|x64.Build.0 = Release|Any CPU
		{BCA0142B-E7C7-4B8A-ABFF-15AA6B993217}.Release|x86.ActiveCfg = Release|Any CPU
		{BCA0142B-E7C7-4B8A-ABFF-15AA6B993217}.Release|x86.Build.0 = Release|Any CPU
	EndGlobalSection
	GlobalSection(SolutionProperties) = preSolution
		HideSolutionNode = FALSE
	EndGlobalSection
	GlobalSection(ExtensibilityGlobals) = postSolution
		SolutionGuid = {DAE0951E-56E9-4795-A67F-12CD5D4518CD}
	EndGlobalSection
EndGlobal
